
Microsoft Visual Studio Solution File, Format Version 12.00
# Visual Studio Version 17
VisualStudioVersion = 17.10.35013.160
MinimumVisualStudioVersion = 10.0.40219.1
Project("{13B669BE-BB05-4DDF-9536-439F39A36129}") = "00_HelloWorld", "00_HelloWorld\00_HelloWorld.phpproj", "{798971FB-10B2-4417-9B29-749F4266CB46}"
EndProject
Project("{13B669BE-BB05-4DDF-9536-439F39A36129}") = "01_MyProfile", "01_MyProfile\01_MyProfile.phpproj", "{5CC7D727-68AC-4319-ABFE-2F960C81A0A5}"
EndProject
Project("{13B669BE-BB05-4DDF-9536-439F39A36129}") = "02_MyCalculator", "02_MyCalculator\02_MyCalculator.phpproj", "{F77A92AD-074C-4409-91E3-DCBC68A7F108}"
EndProject
Global
	GlobalSection(SolutionConfigurationPlatforms) = preSolution
		Debug|Any CPU = Debug|Any CPU
		Release|Any CPU = Release|Any CPU
	EndGlobalSection
	GlobalSection(ProjectConfigurationPlatforms) = postSolution
		{798971FB-10B2-4417-9B29-749F4266CB46}.Debug|Any CPU.ActiveCfg = Debug|Any CPU
		{798971FB-10B2-4417-9B29-749F4266CB46}.Debug|Any CPU.Build.0 = Debug|Any CPU
		{798971FB-10B2-4417-9B29-749F4266CB46}.Release|Any CPU.ActiveCfg = Release|Any CPU
		{798971FB-10B2-4417-9B29-749F4266CB46}.Release|Any CPU.Build.0 = Release|Any CPU
		{5CC7D727-68AC-4319-ABFE-2F960C81A0A5}.Debug|Any CPU.ActiveCfg = Debug|Any CPU
		{5CC7D727-68AC-4319-ABFE-2F960C81A0A5}.Debug|Any CPU.Build.0 = Debug|Any CPU
		{5CC7D727-68AC-4319-ABFE-2F960C81A0A5}.Release|Any CPU.ActiveCfg = Release|Any CPU
		{5CC7D727-68AC-4319-ABFE-2F960C81A0A5}.Release|Any CPU.Build.0 = Release|Any CPU
		{F77A92AD-074C-4409-91E3-DCBC68A7F108}.Debug|Any CPU.ActiveCfg = Debug|Any CPU
		{F77A92AD-074C-4409-91E3-DCBC68A7F108}.Debug|Any CPU.Build.0 = Debug|Any CPU
		{F77A92AD-074C-4409-91E3-DCBC68A7F108}.Release|Any CPU.ActiveCfg = Release|Any CPU
		{F77A92AD-074C-4409-91E3-DCBC68A7F108}.Release|Any CPU.Build.0 = Release|Any CPU
	EndGlobalSection
	GlobalSection(SolutionProperties) = preSolution
		HideSolutionNode = FALSE
	EndGlobalSection
	GlobalSection(ExtensibilityGlobals) = postSolution
		SolutionGuid = {E8005155-7022-491F-8FBB-18A035F725B3}
	EndGlobalSection
EndGlobal
